// !$*UTF8*$!
{
	archiveVersion = 1;
	classes = {
	};
	objectVersion = 56;
	objects = {

/* Begin PBXBuildFile section */
		C76F368B2B5ADAE9000EF908 /* ItemViewModel.swift in Sources */ = {isa = PBXBuildFile; fileRef = C76F368A2B5ADAE9000EF908 /* ItemViewModel.swift */; };
		C76F368F2B5C1FBE000EF908 /* CustomButton.swift in Sources */ = {isa = PBXBuildFile; fileRef = C76F368E2B5C1FBE000EF908 /* CustomButton.swift */; };
		C7D572832B5410AB000F0F2B /* AppDelegate.swift in Sources */ = {isa = PBXBuildFile; fileRef = C7D572822B5410AB000F0F2B /* AppDelegate.swift */; };
		C7D572852B5410AB000F0F2B /* SceneDelegate.swift in Sources */ = {isa = PBXBuildFile; fileRef = C7D572842B5410AB000F0F2B /* SceneDelegate.swift */; };
		C7D572872B5410AB000F0F2B /* InsecticideViewController.swift in Sources */ = {isa = PBXBuildFile; fileRef = C7D572862B5410AB000F0F2B /* InsecticideViewController.swift */; };
		C7D5728C2B5410AC000F0F2B /* Assets.xcassets in Resources */ = {isa = PBXBuildFile; fileRef = C7D5728B2B5410AC000F0F2B /* Assets.xcassets */; };
		C7D5728F2B5410AC000F0F2B /* LaunchScreen.storyboard in Resources */ = {isa = PBXBuildFile; fileRef = C7D5728D2B5410AC000F0F2B /* LaunchScreen.storyboard */; };
		C7D5729B2B54121E000F0F2B /* NetworkManager.swift in Sources */ = {isa = PBXBuildFile; fileRef = C7D5729A2B54121E000F0F2B /* NetworkManager.swift */; };
		C7D5729D2B541234000F0F2B /* InsecticideViewModel.swift in Sources */ = {isa = PBXBuildFile; fileRef = C7D5729C2B541234000F0F2B /* InsecticideViewModel.swift */; };
		C7D5729F2B541246000F0F2B /* InsecticideModel.swift in Sources */ = {isa = PBXBuildFile; fileRef = C7D5729E2B541246000F0F2B /* InsecticideModel.swift */; };
		C7D572A22B5415E9000F0F2B /* APIErrors.swift in Sources */ = {isa = PBXBuildFile; fileRef = C7D572A12B5415E9000F0F2B /* APIErrors.swift */; };
		C7D572A42B541759000F0F2B /* APIComponents.swift in Sources */ = {isa = PBXBuildFile; fileRef = C7D572A32B541759000F0F2B /* APIComponents.swift */; };
		C7D572A82B5442DF000F0F2B /* InsecticideCollectionViewCell.swift in Sources */ = {isa = PBXBuildFile; fileRef = C7D572A72B5442DF000F0F2B /* InsecticideCollectionViewCell.swift */; };
		C7D572AD2B544502000F0F2B /* SF-Pro-Display-Medium.otf in Resources */ = {isa = PBXBuildFile; fileRef = C7D572AA2B54449C000F0F2B /* SF-Pro-Display-Medium.otf */; };
		C7D572AE2B544502000F0F2B /* SF-Pro-Display-Regular.otf in Resources */ = {isa = PBXBuildFile; fileRef = C7D572A92B54449C000F0F2B /* SF-Pro-Display-Regular.otf */; };
		C7D572AF2B544502000F0F2B /* SF-Pro-Display-Semibold.otf in Resources */ = {isa = PBXBuildFile; fileRef = C7D572AB2B54449C000F0F2B /* SF-Pro-Display-Semibold.otf */; };
		C7D572B22B544542000F0F2B /* Constants.swift in Sources */ = {isa = PBXBuildFile; fileRef = C7D572B12B544542000F0F2B /* Constants.swift */; };
		C7D572B42B547631000F0F2B /* Extension + UILabel.swift in Sources */ = {isa = PBXBuildFile; fileRef = C7D572B32B547631000F0F2B /* Extension + UILabel.swift */; };
		C7D572B72B547E3A000F0F2B /* ItemViewController.swift in Sources */ = {isa = PBXBuildFile; fileRef = C7D572B62B547E3A000F0F2B /* ItemViewController.swift */; };
/* End PBXBuildFile section */

/* Begin PBXFileReference section */
		C76F368A2B5ADAE9000EF908 /* ItemViewModel.swift */ = {isa = PBXFileReference; lastKnownFileType = sourcecode.swift; path = ItemViewModel.swift; sourceTree = "<group>"; };
		C76F368E2B5C1FBE000EF908 /* CustomButton.swift */ = {isa = PBXFileReference; lastKnownFileType = sourcecode.swift; path = CustomButton.swift; sourceTree = "<group>"; };
		C7D5727F2B5410AB000F0F2B /* Insecticide.app */ = {isa = PBXFileReference; explicitFileType = wrapper.application; includeInIndex = 0; path = Insecticide.app; sourceTree = BUILT_PRODUCTS_DIR; };
		C7D572822B5410AB000F0F2B /* AppDelegate.swift */ = {isa = PBXFileReference; lastKnownFileType = sourcecode.swift; path = AppDelegate.swift; sourceTree = "<group>"; };
		C7D572842B5410AB000F0F2B /* SceneDelegate.swift */ = {isa = PBXFileReference; lastKnownFileType = sourcecode.swift; path = SceneDelegate.swift; sourceTree = "<group>"; };
		C7D572862B5410AB000F0F2B /* InsecticideViewController.swift */ = {isa = PBXFileReference; lastKnownFileType = sourcecode.swift; path = InsecticideViewController.swift; sourceTree = "<group>"; };
		C7D5728B2B5410AC000F0F2B /* Assets.xcassets */ = {isa = PBXFileReference; lastKnownFileType = folder.assetcatalog; path = Assets.xcassets; sourceTree = "<group>"; };
		C7D5728E2B5410AC000F0F2B /* Base */ = {isa = PBXFileReference; lastKnownFileType = file.storyboard; name = Base; path = Base.lproj/LaunchScreen.storyboard; sourceTree = "<group>"; };
		C7D572902B5410AC000F0F2B /* Info.plist */ = {isa = PBXFileReference; lastKnownFileType = text.plist.xml; path = Info.plist; sourceTree = "<group>"; };
		C7D5729A2B54121E000F0F2B /* NetworkManager.swift */ = {isa = PBXFileReference; lastKnownFileType = sourcecode.swift; path = NetworkManager.swift; sourceTree = "<group>"; };
		C7D5729C2B541234000F0F2B /* InsecticideViewModel.swift */ = {isa = PBXFileReference; lastKnownFileType = sourcecode.swift; path = InsecticideViewModel.swift; sourceTree = "<group>"; };
		C7D5729E2B541246000F0F2B /* InsecticideModel.swift */ = {isa = PBXFileReference; lastKnownFileType = sourcecode.swift; path = InsecticideModel.swift; sourceTree = "<group>"; };
		C7D572A12B5415E9000F0F2B /* APIErrors.swift */ = {isa = PBXFileReference; lastKnownFileType = sourcecode.swift; path = APIErrors.swift; sourceTree = "<group>"; };
		C7D572A32B541759000F0F2B /* APIComponents.swift */ = {isa = PBXFileReference; lastKnownFileType = sourcecode.swift; path = APIComponents.swift; sourceTree = "<group>"; };
		C7D572A72B5442DF000F0F2B /* InsecticideCollectionViewCell.swift */ = {isa = PBXFileReference; lastKnownFileType = sourcecode.swift; path = InsecticideCollectionViewCell.swift; sourceTree = "<group>"; };
		C7D572A92B54449C000F0F2B /* SF-Pro-Display-Regular.otf */ = {isa = PBXFileReference; lastKnownFileType = file; path = "SF-Pro-Display-Regular.otf"; sourceTree = "<group>"; };
		C7D572AA2B54449C000F0F2B /* SF-Pro-Display-Medium.otf */ = {isa = PBXFileReference; lastKnownFileType = file; path = "SF-Pro-Display-Medium.otf"; sourceTree = "<group>"; };
		C7D572AB2B54449C000F0F2B /* SF-Pro-Display-Semibold.otf */ = {isa = PBXFileReference; lastKnownFileType = file; path = "SF-Pro-Display-Semibold.otf"; sourceTree = "<group>"; };
		C7D572B12B544542000F0F2B /* Constants.swift */ = {isa = PBXFileReference; lastKnownFileType = sourcecode.swift; path = Constants.swift; sourceTree = "<group>"; };
		C7D572B32B547631000F0F2B /* Extension + UILabel.swift */ = {isa = PBXFileReference; lastKnownFileType = sourcecode.swift; path = "Extension + UILabel.swift"; sourceTree = "<group>"; };
		C7D572B62B547E3A000F0F2B /* ItemViewController.swift */ = {isa = PBXFileReference; lastKnownFileType = sourcecode.swift; path = ItemViewController.swift; sourceTree = "<group>"; };
/* End PBXFileReference section */

/* Begin PBXFrameworksBuildPhase section */
		C7D5727C2B5410AB000F0F2B /* Frameworks */ = {
			isa = PBXFrameworksBuildPhase;
			buildActionMask = 2147483647;
			files = (
			);
			runOnlyForDeploymentPostprocessing = 0;
		};
/* End PBXFrameworksBuildPhase section */

/* Begin PBXGroup section */
		C76F36892B5ADAD4000EF908 /* ItemViewModel */ = {
			isa = PBXGroup;
			children = (
				C76F368A2B5ADAE9000EF908 /* ItemViewModel.swift */,
			);
			path = ItemViewModel;
			sourceTree = "<group>";
		};
		C7D572762B5410AB000F0F2B = {
			isa = PBXGroup;
			children = (
				C7D572812B5410AB000F0F2B /* Insecticide */,
				C7D572802B5410AB000F0F2B /* Products */,
			);
			sourceTree = "<group>";
		};
		C7D572802B5410AB000F0F2B /* Products */ = {
			isa = PBXGroup;
			children = (
				C7D5727F2B5410AB000F0F2B /* Insecticide.app */,
			);
			name = Products;
			sourceTree = "<group>";
		};
		C7D572812B5410AB000F0F2B /* Insecticide */ = {
			isa = PBXGroup;
			children = (
				C7D572992B541210000F0F2B /* Services */,
				C7D572962B5411BE000F0F2B /* Models */,
				C7D572982B5411DD000F0F2B /* Views */,
				C7D572972B5411D2000F0F2B /* ViewModels */,
				C7D572B02B544532000F0F2B /* Helpers */,
				C7D572822B5410AB000F0F2B /* AppDelegate.swift */,
				C7D572842B5410AB000F0F2B /* SceneDelegate.swift */,
				C7D5728B2B5410AC000F0F2B /* Assets.xcassets */,
				C7D5728D2B5410AC000F0F2B /* LaunchScreen.storyboard */,
				C7D572902B5410AC000F0F2B /* Info.plist */,
			);
			path = Insecticide;
			sourceTree = "<group>";
		};
		C7D572962B5411BE000F0F2B /* Models */ = {
			isa = PBXGroup;
			children = (
				C7D5729E2B541246000F0F2B /* InsecticideModel.swift */,
			);
			path = Models;
			sourceTree = "<group>";
		};
		C7D572972B5411D2000F0F2B /* ViewModels */ = {
			isa = PBXGroup;
			children = (
				C76F36892B5ADAD4000EF908 /* ItemViewModel */,
				C7D572A62B54417F000F0F2B /* InsecticideViewModel */,
			);
			path = ViewModels;
			sourceTree = "<group>";
		};
		C7D572982B5411DD000F0F2B /* Views */ = {
			isa = PBXGroup;
			children = (
				C7D572A52B543D15000F0F2B /* InsecticideViewController */,
				C7D572B52B547E0B000F0F2B /* ItemViewController */,
			);
			path = Views;
			sourceTree = "<group>";
		};
		C7D572992B541210000F0F2B /* Services */ = {
			isa = PBXGroup;
			children = (
				C7D5729A2B54121E000F0F2B /* NetworkManager.swift */,
				C7D572A02B5415D8000F0F2B /* API */,
			);
			path = Services;
			sourceTree = "<group>";
		};
		C7D572A02B5415D8000F0F2B /* API */ = {
			isa = PBXGroup;
			children = (
				C7D572A12B5415E9000F0F2B /* APIErrors.swift */,
				C7D572A32B541759000F0F2B /* APIComponents.swift */,
			);
			path = API;
			sourceTree = "<group>";
		};
		C7D572A52B543D15000F0F2B /* InsecticideViewController */ = {
			isa = PBXGroup;
			children = (
				C7D572862B5410AB000F0F2B /* InsecticideViewController.swift */,
				C7D572A72B5442DF000F0F2B /* InsecticideCollectionViewCell.swift */,
			);
			path = InsecticideViewController;
			sourceTree = "<group>";
		};
		C7D572A62B54417F000F0F2B /* InsecticideViewModel */ = {
			isa = PBXGroup;
			children = (
				C7D5729C2B541234000F0F2B /* InsecticideViewModel.swift */,
			);
			path = InsecticideViewModel;
			sourceTree = "<group>";
		};
		C7D572AC2B5444A1000F0F2B /* Assets */ = {
			isa = PBXGroup;
			children = (
				C7D572AA2B54449C000F0F2B /* SF-Pro-Display-Medium.otf */,
				C7D572A92B54449C000F0F2B /* SF-Pro-Display-Regular.otf */,
				C7D572AB2B54449C000F0F2B /* SF-Pro-Display-Semibold.otf */,
			);
			path = Assets;
			sourceTree = "<group>";
		};
		C7D572B02B544532000F0F2B /* Helpers */ = {
			isa = PBXGroup;
			children = (
				C7D572AC2B5444A1000F0F2B /* Assets */,
				C7D572B12B544542000F0F2B /* Constants.swift */,
				C7D572B32B547631000F0F2B /* Extension + UILabel.swift */,
				C76F368E2B5C1FBE000EF908 /* CustomButton.swift */,
			);
			path = Helpers;
			sourceTree = "<group>";
		};
		C7D572B52B547E0B000F0F2B /* ItemViewController */ = {
			isa = PBXGroup;
			children = (
				C7D572B62B547E3A000F0F2B /* ItemViewController.swift */,
			);
			path = ItemViewController;
			sourceTree = "<group>";
		};
/* End PBXGroup section */

/* Begin PBXNativeTarget section */
		C7D5727E2B5410AB000F0F2B /* Insecticide */ = {
			isa = PBXNativeTarget;
			buildConfigurationList = C7D572932B5410AC000F0F2B /* Build configuration list for PBXNativeTarget "Insecticide" */;
			buildPhases = (
				C7D5727B2B5410AB000F0F2B /* Sources */,
				C7D5727C2B5410AB000F0F2B /* Frameworks */,
				C7D5727D2B5410AB000F0F2B /* Resources */,
			);
			buildRules = (
			);
			dependencies = (
			);
			name = Insecticide;
			productName = Insecticide;
			productReference = C7D5727F2B5410AB000F0F2B /* Insecticide.app */;
			productType = "com.apple.product-type.application";
		};
/* End PBXNativeTarget section */

/* Begin PBXProject section */
		C7D572772B5410AB000F0F2B /* Project object */ = {
			isa = PBXProject;
			attributes = {
				BuildIndependentTargetsInParallel = 1;
				LastSwiftUpdateCheck = 1520;
				LastUpgradeCheck = 1520;
				TargetAttributes = {
					C7D5727E2B5410AB000F0F2B = {
						CreatedOnToolsVersion = 15.2;
					};
				};
			};
			buildConfigurationList = C7D5727A2B5410AB000F0F2B /* Build configuration list for PBXProject "Insecticide" */;
			compatibilityVersion = "Xcode 14.0";
			developmentRegion = en;
			hasScannedForEncodings = 0;
			knownRegions = (
				en,
				Base,
			);
			mainGroup = C7D572762B5410AB000F0F2B;
			productRefGroup = C7D572802B5410AB000F0F2B /* Products */;
			projectDirPath = "";
			projectRoot = "";
			targets = (
				C7D5727E2B5410AB000F0F2B /* Insecticide */,
			);
		};
/* End PBXProject section */

/* Begin PBXResourcesBuildPhase section */
		C7D5727D2B5410AB000F0F2B /* Resources */ = {
			isa = PBXResourcesBuildPhase;
			buildActionMask = 2147483647;
			files = (
				C7D572AD2B544502000F0F2B /* SF-Pro-Display-Medium.otf in Resources */,
				C7D572AE2B544502000F0F2B /* SF-Pro-Display-Regular.otf in Resources */,
				C7D572AF2B544502000F0F2B /* SF-Pro-Display-Semibold.otf in Resources */,
				C7D5728F2B5410AC000F0F2B /* LaunchScreen.storyboard in Resources */,
				C7D5728C2B5410AC000F0F2B /* Assets.xcassets in Resources */,
			);
			runOnlyForDeploymentPostprocessing = 0;
		};
/* End PBXResourcesBuildPhase section */

/* Begin PBXSourcesBuildPhase section */
		C7D5727B2B5410AB000F0F2B /* Sources */ = {
			isa = PBXSourcesBuildPhase;
			buildActionMask = 2147483647;
			files = (
				C76F368B2B5ADAE9000EF908 /* ItemViewModel.swift in Sources */,
				C76F368F2B5C1FBE000EF908 /* CustomButton.swift in Sources */,
				C7D572A42B541759000F0F2B /* APIComponents.swift in Sources */,
				C7D5729B2B54121E000F0F2B /* NetworkManager.swift in Sources */,
				C7D572A22B5415E9000F0F2B /* APIErrors.swift in Sources */,
				C7D572872B5410AB000F0F2B /* InsecticideViewController.swift in Sources */,
				C7D5729F2B541246000F0F2B /* InsecticideModel.swift in Sources */,
				C7D572B72B547E3A000F0F2B /* ItemViewController.swift in Sources */,
				C7D572B22B544542000F0F2B /* Constants.swift in Sources */,
				C7D5729D2B541234000F0F2B /* InsecticideViewModel.swift in Sources */,
				C7D572832B5410AB000F0F2B /* AppDelegate.swift in Sources */,
				C7D572852B5410AB000F0F2B /* SceneDelegate.swift in Sources */,
				C7D572A82B5442DF000F0F2B /* InsecticideCollectionViewCell.swift in Sources */,
				C7D572B42B547631000F0F2B /* Extension + UILabel.swift in Sources */,
			);
			runOnlyForDeploymentPostprocessing = 0;
		};
/* End PBXSourcesBuildPhase section */

/* Begin PBXVariantGroup section */
		C7D5728D2B5410AC000F0F2B /* LaunchScreen.storyboard */ = {
			isa = PBXVariantGroup;
			children = (
				C7D5728E2B5410AC000F0F2B /* Base */,
			);
			name = LaunchScreen.storyboard;
			sourceTree = "<group>";
		};
/* End PBXVariantGroup section */

/* Begin XCBuildConfiguration section */
		C7D572912B5410AC000F0F2B /* Debug */ = {
			isa = XCBuildConfiguration;
			buildSettings = {
				ALWAYS_SEARCH_USER_PATHS = NO;
				ASSETCATALOG_COMPILER_GENERATE_SWIFT_ASSET_SYMBOL_EXTENSIONS = YES;
				CLANG_ANALYZER_NONNULL = YES;
				CLANG_ANALYZER_NUMBER_OBJECT_CONVERSION = YES_AGGRESSIVE;
				CLANG_CXX_LANGUAGE_STANDARD = "gnu++20";
				CLANG_ENABLE_MODULES = YES;
				CLANG_ENABLE_OBJC_ARC = YES;
				CLANG_ENABLE_OBJC_WEAK = YES;
				CLANG_WARN_BLOCK_CAPTURE_AUTORELEASING = YES;
				CLANG_WARN_BOOL_CONVERSION = YES;
				CLANG_WARN_COMMA = YES;
				CLANG_WARN_CONSTANT_CONVERSION = YES;
				CLANG_WARN_DEPRECATED_OBJC_IMPLEMENTATIONS = YES;
				CLANG_WARN_DIRECT_OBJC_ISA_USAGE = YES_ERROR;
				CLANG_WARN_DOCUMENTATION_COMMENTS = YES;
				CLANG_WARN_EMPTY_BODY = YES;
				CLANG_WARN_ENUM_CONVERSION = YES;
				CLANG_WARN_INFINITE_RECURSION = YES;
				CLANG_WARN_INT_CONVERSION = YES;
				CLANG_WARN_NON_LITERAL_NULL_CONVERSION = YES;
				CLANG_WARN_OBJC_IMPLICIT_RETAIN_SELF = YES;
				CLANG_WARN_OBJC_LITERAL_CONVERSION = YES;
				CLANG_WARN_OBJC_ROOT_CLASS = YES_ERROR;
				CLANG_WARN_QUOTED_INCLUDE_IN_FRAMEWORK_HEADER = YES;
				CLANG_WARN_RANGE_LOOP_ANALYSIS = YES;
				CLANG_WARN_STRICT_PROTOTYPES = YES;
				CLANG_WARN_SUSPICIOUS_MOVE = YES;
				CLANG_WARN_UNGUARDED_AVAILABILITY = YES_AGGRESSIVE;
				CLANG_WARN_UNREACHABLE_CODE = YES;
				CLANG_WARN__DUPLICATE_METHOD_MATCH = YES;
				COPY_PHASE_STRIP = NO;
				DEBUG_INFORMATION_FORMAT = dwarf;
				ENABLE_STRICT_OBJC_MSGSEND = YES;
				ENABLE_TESTABILITY = YES;
				ENABLE_USER_SCRIPT_SANDBOXING = YES;
				GCC_C_LANGUAGE_STANDARD = gnu17;
				GCC_DYNAMIC_NO_PIC = NO;
				GCC_NO_COMMON_BLOCKS = YES;
				GCC_OPTIMIZATION_LEVEL = 0;
				GCC_PREPROCESSOR_DEFINITIONS = (
					"DEBUG=1",
					"$(inherited)",
				);
				GCC_WARN_64_TO_32_BIT_CONVERSION = YES;
				GCC_WARN_ABOUT_RETURN_TYPE = YES_ERROR;
				GCC_WARN_UNDECLARED_SELECTOR = YES;
				GCC_WARN_UNINITIALIZED_AUTOS = YES_AGGRESSIVE;
				GCC_WARN_UNUSED_FUNCTION = YES;
				GCC_WARN_UNUSED_VARIABLE = YES;
				IPHONEOS_DEPLOYMENT_TARGET = 17.2;
				LOCALIZATION_PREFERS_STRING_CATALOGS = YES;
				MTL_ENABLE_DEBUG_INFO = INCLUDE_SOURCE;
				MTL_FAST_MATH = YES;
				ONLY_ACTIVE_ARCH = YES;
				SDKROOT = iphoneos;
				SWIFT_ACTIVE_COMPILATION_CONDITIONS = "DEBUG $(inherited)";
				SWIFT_OPTIMIZATION_LEVEL = "-Onone";
			};
			name = Debug;
		};
		C7D572922B5410AC000F0F2B /* Release */ = {
			isa = XCBuildConfiguration;
			buildSettings = {
				ALWAYS_SEARCH_USER_PATHS = NO;
				ASSETCATALOG_COMPILER_GENERATE_SWIFT_ASSET_SYMBOL_EXTENSIONS = YES;
				CLANG_ANALYZER_NONNULL = YES;
				CLANG_ANALYZER_NUMBER_OBJECT_CONVERSION = YES_AGGRESSIVE;
				CLANG_CXX_LANGUAGE_STANDARD = "gnu++20";
				CLANG_ENABLE_MODULES = YES;
				CLANG_ENABLE_OBJC_ARC = YES;
				CLANG_ENABLE_OBJC_WEAK = YES;
				CLANG_WARN_BLOCK_CAPTURE_AUTORELEASING = YES;
				CLANG_WARN_BOOL_CONVERSION = YES;
				CLANG_WARN_COMMA = YES;
				CLANG_WARN_CONSTANT_CONVERSION = YES;
				CLANG_WARN_DEPRECATED_OBJC_IMPLEMENTATIONS = YES;
				CLANG_WARN_DIRECT_OBJC_ISA_USAGE = YES_ERROR;
				CLANG_WARN_DOCUMENTATION_COMMENTS = YES;
				CLANG_WARN_EMPTY_BODY = YES;
				CLANG_WARN_ENUM_CONVERSION = YES;
				CLANG_WARN_INFINITE_RECURSION = YES;
				CLANG_WARN_INT_CONVERSION = YES;
				CLANG_WARN_NON_LITERAL_NULL_CONVERSION = YES;
				CLANG_WARN_OBJC_IMPLICIT_RETAIN_SELF = YES;
				CLANG_WARN_OBJC_LITERAL_CONVERSION = YES;
				CLANG_WARN_OBJC_ROOT_CLASS = YES_ERROR;
				CLANG_WARN_QUOTED_INCLUDE_IN_FRAMEWORK_HEADER = YES;
				CLANG_WARN_RANGE_LOOP_ANALYSIS = YES;
				CLANG_WARN_STRICT_PROTOTYPES = YES;
				CLANG_WARN_SUSPICIOUS_MOVE = YES;
				CLANG_WARN_UNGUARDED_AVAILABILITY = YES_AGGRESSIVE;
				CLANG_WARN_UNREACHABLE_CODE = YES;
				CLANG_WARN__DUPLICATE_METHOD_MATCH = YES;
				COPY_PHASE_STRIP = NO;
				DEBUG_INFORMATION_FORMAT = "dwarf-with-dsym";
				ENABLE_NS_ASSERTIONS = NO;
				ENABLE_STRICT_OBJC_MSGSEND = YES;
				ENABLE_USER_SCRIPT_SANDBOXING = YES;
				GCC_C_LANGUAGE_STANDARD = gnu17;
				GCC_NO_COMMON_BLOCKS = YES;
				GCC_WARN_64_TO_32_BIT_CONVERSION = YES;
				GCC_WARN_ABOUT_RETURN_TYPE = YES_ERROR;
				GCC_WARN_UNDECLARED_SELECTOR = YES;
				GCC_WARN_UNINITIALIZED_AUTOS = YES_AGGRESSIVE;
				GCC_WARN_UNUSED_FUNCTION = YES;
				GCC_WARN_UNUSED_VARIABLE = YES;
				IPHONEOS_DEPLOYMENT_TARGET = 17.2;
				LOCALIZATION_PREFERS_STRING_CATALOGS = YES;
				MTL_ENABLE_DEBUG_INFO = NO;
				MTL_FAST_MATH = YES;
				SDKROOT = iphoneos;
				SWIFT_COMPILATION_MODE = wholemodule;
				VALIDATE_PRODUCT = YES;
			};
			name = Release;
		};
		C7D572942B5410AC000F0F2B /* Debug */ = {
			isa = XCBuildConfiguration;
			buildSettings = {
				ASSETCATALOG_COMPILER_APPICON_NAME = AppIcon;
				ASSETCATALOG_COMPILER_GLOBAL_ACCENT_COLOR_NAME = AccentColor;
				CODE_SIGN_STYLE = Automatic;
				CURRENT_PROJECT_VERSION = 1;
				DEVELOPMENT_TEAM = U5U8485L4C;
				GENERATE_INFOPLIST_FILE = YES;
				INFOPLIST_FILE = Insecticide/Info.plist;
				INFOPLIST_KEY_UIApplicationSupportsIndirectInputEvents = YES;
				INFOPLIST_KEY_UILaunchStoryboardName = LaunchScreen;
				INFOPLIST_KEY_UISupportedInterfaceOrientations = UIInterfaceOrientationPortrait;
				INFOPLIST_KEY_UISupportedInterfaceOrientations_iPad = "UIInterfaceOrientationLandscapeLeft UIInterfaceOrientationLandscapeRight UIInterfaceOrientationPortrait UIInterfaceOrientationPortraitUpsideDown";
				IPHONEOS_DEPLOYMENT_TARGET = 17.0;
				LD_RUNPATH_SEARCH_PATHS = (
					"$(inherited)",
					"@executable_path/Frameworks",
				);
				MARKETING_VERSION = 1.0;
				PRODUCT_BUNDLE_IDENTIFIER = IlyaPavl.Insecticide;
				PRODUCT_NAME = "$(TARGET_NAME)";
				SUPPORTED_PLATFORMS = "iphoneos iphonesimulator";
				SUPPORTS_MACCATALYST = NO;
				SUPPORTS_MAC_DESIGNED_FOR_IPHONE_IPAD = NO;
				SUPPORTS_XR_DESIGNED_FOR_IPHONE_IPAD = NO;
				SWIFT_EMIT_LOC_STRINGS = YES;
				SWIFT_VERSION = 5.0;
				TARGETED_DEVICE_FAMILY = 1;
			};
			name = Debug;
		};
		C7D572952B5410AC000F0F2B /* Release */ = {
			isa = XCBuildConfiguration;
			buildSettings = {
				ASSETCATALOG_COMPILER_APPICON_NAME = AppIcon;
				ASSETCATALOG_COMPILER_GLOBAL_ACCENT_COLOR_NAME = AccentColor;
				CODE_SIGN_STYLE = Automatic;
				CURRENT_PROJECT_VERSION = 1;
				DEVELOPMENT_TEAM = U5U8485L4C;
				GENERATE_INFOPLIST_FILE = YES;
				INFOPLIST_FILE = Insecticide/Info.plist;
				INFOPLIST_KEY_UIApplicationSupportsIndirectInputEvents = YES;
				INFOPLIST_KEY_UILaunchStoryboardName = LaunchScreen;
				INFOPLIST_KEY_UISupportedInterfaceOrientations = UIInterfaceOrientationPortrait;
				INFOPLIST_KEY_UISupportedInterfaceOrientations_iPad = "UIInterfaceOrientationLandscapeLeft UIInterfaceOrientationLandscapeRight UIInterfaceOrientationPortrait UIInterfaceOrientationPortraitUpsideDown";
				IPHONEOS_DEPLOYMENT_TARGET = 17.0;
				LD_RUNPATH_SEARCH_PATHS = (
					"$(inherited)",
					"@executable_path/Frameworks",
				);
				MARKETING_VERSION = 1.0;
				PRODUCT_BUNDLE_IDENTIFIER = IlyaPavl.Insecticide;
				PRODUCT_NAME = "$(TARGET_NAME)";
				SUPPORTED_PLATFORMS = "iphoneos iphonesimulator";
				SUPPORTS_MACCATALYST = NO;
				SUPPORTS_MAC_DESIGNED_FOR_IPHONE_IPAD = NO;
				SUPPORTS_XR_DESIGNED_FOR_IPHONE_IPAD = NO;
				SWIFT_EMIT_LOC_STRINGS = YES;
				SWIFT_VERSION = 5.0;
				TARGETED_DEVICE_FAMILY = 1;
			};
			name = Release;
		};
/* End XCBuildConfiguration section */

/* Begin XCConfigurationList section */
		C7D5727A2B5410AB000F0F2B /* Build configuration list for PBXProject "Insecticide" */ = {
			isa = XCConfigurationList;
			buildConfigurations = (
				C7D572912B5410AC000F0F2B /* Debug */,
				C7D572922B5410AC000F0F2B /* Release */,
			);
			defaultConfigurationIsVisible = 0;
			defaultConfigurationName = Release;
		};
		C7D572932B5410AC000F0F2B /* Build configuration list for PBXNativeTarget "Insecticide" */ = {
			isa = XCConfigurationList;
			buildConfigurations = (
				C7D572942B5410AC000F0F2B /* Debug */,
				C7D572952B5410AC000F0F2B /* Release */,
			);
			defaultConfigurationIsVisible = 0;
			defaultConfigurationName = Release;
		};
/* End XCConfigurationList section */
	};
	rootObject = C7D572772B5410AB000F0F2B /* Project object */;
}
